// !$*UTF8*$!
{
	archiveVersion = 1;
	classes = {
	};
	objectVersion = 46;
	objects = {

/* Begin PBXBuildFile section */
		F0200A4A1E58AD3700656F24 /* AppDelegate.swift in Sources */ = {isa = PBXBuildFile; fileRef = F0200A491E58AD3700656F24 /* AppDelegate.swift */; };
		F0200A4C1E58AD3700656F24 /* ViewController.swift in Sources */ = {isa = PBXBuildFile; fileRef = F0200A4B1E58AD3700656F24 /* ViewController.swift */; };
		F0200A4F1E58AD3700656F24 /* Main.storyboard in Resources */ = {isa = PBXBuildFile; fileRef = F0200A4D1E58AD3700656F24 /* Main.storyboard */; };
		F0200A511E58AD3700656F24 /* Assets.xcassets in Resources */ = {isa = PBXBuildFile; fileRef = F0200A501E58AD3700656F24 /* Assets.xcassets */; };
		F0200A541E58AD3700656F24 /* LaunchScreen.storyboard in Resources */ = {isa = PBXBuildFile; fileRef = F0200A521E58AD3700656F24 /* LaunchScreen.storyboard */; };
		F0200A5C1E58B47900656F24 /* pokemon.csv in Resources */ = {isa = PBXBuildFile; fileRef = F0200A5B1E58B47900656F24 /* pokemon.csv */; };
		F0D3DE4B1E58B930005B5084 /* Pokemon.swift in Sources */ = {isa = PBXBuildFile; fileRef = F0D3DE4A1E58B930005B5084 /* Pokemon.swift */; };
		F0D3DE4E1E58C13C005B5084 /* PokeCell.swift in Sources */ = {isa = PBXBuildFile; fileRef = F0D3DE4D1E58C13C005B5084 /* PokeCell.swift */; };
/* End PBXBuildFile section */

/* Begin PBXFileReference section */
		F0200A461E58AD3700656F24 /* Pokedex.app */ = {isa = PBXFileReference; explicitFileType = wrapper.application; includeInIndex = 0; path = Pokedex.app; sourceTree = BUILT_PRODUCTS_DIR; };
		F0200A491E58AD3700656F24 /* AppDelegate.swift */ = {isa = PBXFileReference; lastKnownFileType = sourcecode.swift; path = AppDelegate.swift; sourceTree = "<group>"; };
		F0200A4B1E58AD3700656F24 /* ViewController.swift */ = {isa = PBXFileReference; lastKnownFileType = sourcecode.swift; path = ViewController.swift; sourceTree = "<group>"; };
		F0200A4E1E58AD3700656F24 /* Base */ = {isa = PBXFileReference; lastKnownFileType = file.storyboard; name = Base; path = Base.lproj/Main.storyboard; sourceTree = "<group>"; };
		F0200A501E58AD3700656F24 /* Assets.xcassets */ = {isa = PBXFileReference; lastKnownFileType = folder.assetcatalog; path = Assets.xcassets; sourceTree = "<group>"; };
		F0200A531E58AD3700656F24 /* Base */ = {isa = PBXFileReference; lastKnownFileType = file.storyboard; name = Base; path = Base.lproj/LaunchScreen.storyboard; sourceTree = "<group>"; };
		F0200A551E58AD3700656F24 /* Info.plist */ = {isa = PBXFileReference; lastKnownFileType = text.plist.xml; path = Info.plist; sourceTree = "<group>"; };
		F0200A5B1E58B47900656F24 /* pokemon.csv */ = {isa = PBXFileReference; fileEncoding = 4; lastKnownFileType = text; path = pokemon.csv; sourceTree = "<group>"; };
		F0D3DE4A1E58B930005B5084 /* Pokemon.swift */ = {isa = PBXFileReference; fileEncoding = 4; lastKnownFileType = sourcecode.swift; path = Pokemon.swift; sourceTree = "<group>"; };
		F0D3DE4D1E58C13C005B5084 /* PokeCell.swift */ = {isa = PBXFileReference; fileEncoding = 4; lastKnownFileType = sourcecode.swift; path = PokeCell.swift; sourceTree = "<group>"; };
/* End PBXFileReference section */

/* Begin PBXFrameworksBuildPhase section */
		F0200A431E58AD3600656F24 /* Frameworks */ = {
			isa = PBXFrameworksBuildPhase;
			buildActionMask = 2147483647;
			files = (
			);
			runOnlyForDeploymentPostprocessing = 0;
		};
/* End PBXFrameworksBuildPhase section */

/* Begin PBXGroup section */
		F0200A3D1E58AD3600656F24 = {
			isa = PBXGroup;
			children = (
				F0200A481E58AD3700656F24 /* Pokedex */,
				F0200A471E58AD3700656F24 /* Products */,
			);
			sourceTree = "<group>";
		};
		F0200A471E58AD3700656F24 /* Products */ = {
			isa = PBXGroup;
			children = (
				F0200A461E58AD3700656F24 /* Pokedex.app */,
			);
			name = Products;
			sourceTree = "<group>";
		};
		F0200A481E58AD3700656F24 /* Pokedex */ = {
			isa = PBXGroup;
			children = (
				F0D3DE4C1E58C0F9005B5084 /* View */,
				F0D3DE481E58B903005B5084 /* Model */,
				F0200A491E58AD3700656F24 /* AppDelegate.swift */,
				F0200A4B1E58AD3700656F24 /* ViewController.swift */,
				F0200A4D1E58AD3700656F24 /* Main.storyboard */,
				F0200A501E58AD3700656F24 /* Assets.xcassets */,
				F0200A5B1E58B47900656F24 /* pokemon.csv */,
				F0200A521E58AD3700656F24 /* LaunchScreen.storyboard */,
				F0200A551E58AD3700656F24 /* Info.plist */,
			);
			path = Pokedex;
			sourceTree = "<group>";
		};
		F0D3DE481E58B903005B5084 /* Model */ = {
			isa = PBXGroup;
			children = (
				F0D3DE4A1E58B930005B5084 /* Pokemon.swift */,
			);
			name = Model;
			sourceTree = "<group>";
		};
		F0D3DE4C1E58C0F9005B5084 /* View */ = {
			isa = PBXGroup;
			children = (
				F0D3DE4D1E58C13C005B5084 /* PokeCell.swift */,
			);
			name = View;
			sourceTree = "<group>";
		};
/* End PBXGroup section */

/* Begin PBXNativeTarget section */
		F0200A451E58AD3600656F24 /* Pokedex */ = {
			isa = PBXNativeTarget;
			buildConfigurationList = F0200A581E58AD3700656F24 /* Build configuration list for PBXNativeTarget "Pokedex" */;
			buildPhases = (
				F0200A421E58AD3600656F24 /* Sources */,
				F0200A431E58AD3600656F24 /* Frameworks */,
				F0200A441E58AD3600656F24 /* Resources */,
			);
			buildRules = (
			);
			dependencies = (
			);
			name = Pokedex;
			productName = Pokedex;
			productReference = F0200A461E58AD3700656F24 /* Pokedex.app */;
			productType = "com.apple.product-type.application";
		};
/* End PBXNativeTarget section */

/* Begin PBXProject section */
		F0200A3E1E58AD3600656F24 /* Project object */ = {
			isa = PBXProject;
			attributes = {
				LastSwiftUpdateCheck = 0820;
				LastUpgradeCheck = 0820;
				ORGANIZATIONNAME = CVBuilts;
				TargetAttributes = {
					F0200A451E58AD3600656F24 = {
						CreatedOnToolsVersion = 8.2.1;
						DevelopmentTeam = 5GEUYA822P;
						ProvisioningStyle = Automatic;
					};
				};
			};
			buildConfigurationList = F0200A411E58AD3600656F24 /* Build configuration list for PBXProject "Pokedex" */;
			compatibilityVersion = "Xcode 3.2";
			developmentRegion = English;
			hasScannedForEncodings = 0;
			knownRegions = (
				en,
				Base,
			);
			mainGroup = F0200A3D1E58AD3600656F24;
			productRefGroup = F0200A471E58AD3700656F24 /* Products */;
			projectDirPath = "";
			projectRoot = "";
			targets = (
				F0200A451E58AD3600656F24 /* Pokedex */,
			);
		};
/* End PBXProject section */

/* Begin PBXResourcesBuildPhase section */
		F0200A441E58AD3600656F24 /* Resources */ = {
			isa = PBXResourcesBuildPhase;
			buildActionMask = 2147483647;
			files = (
				F0200A541E58AD3700656F24 /* LaunchScreen.storyboard in Resources */,
				F0200A511E58AD3700656F24 /* Assets.xcassets in Resources */,
				F0200A5C1E58B47900656F24 /* pokemon.csv in Resources */,
				F0200A4F1E58AD3700656F24 /* Main.storyboard in Resources */,
			);
			runOnlyForDeploymentPostprocessing = 0;
		};
/* End PBXResourcesBuildPhase section */

/* Begin PBXSourcesBuildPhase section */
		F0200A421E58AD3600656F24 /* Sources */ = {
			isa = PBXSourcesBuildPhase;
			buildActionMask = 2147483647;
			files = (
				F0D3DE4E1E58C13C005B5084 /* PokeCell.swift in Sources */,
				F0200A4C1E58AD3700656F24 /* ViewController.swift in Sources */,
				F0200A4A1E58AD3700656F24 /* AppDelegate.swift in Sources */,
				F0D3DE4B1E58B930005B5084 /* Pokemon.swift in Sources */,
			);
			runOnlyForDeploymentPostprocessing = 0;
		};
/* End PBXSourcesBuildPhase section */

/* Begin PBXVariantGroup section */
		F0200A4D1E58AD3700656F24 /* Main.storyboard */ = {
			isa = PBXVariantGroup;
			children = (
				F0200A4E1E58AD3700656F24 /* Base */,
			);
			name = Main.storyboard;
			sourceTree = "<group>";
		};
		F0200A521E58AD3700656F24 /* LaunchScreen.storyboard */ = {
			isa = PBXVariantGroup;
			children = (
				F0200A531E58AD3700656F24 /* Base */,
			);
			name = LaunchScreen.storyboard;
			sourceTree = "<group>";
		};
/* End PBXVariantGroup section */

/* Begin XCBuildConfiguration section */
		F0200A561E58AD3700656F24 /* Debug */ = {
			isa = XCBuildConfiguration;
			buildSettings = {
				ALWAYS_SEARCH_USER_PATHS = NO;
				CLANG_ANALYZER_NONNULL = YES;
				CLANG_CXX_LANGUAGE_STANDARD = "gnu++0x";
				CLANG_CXX_LIBRARY = "libc++";
				CLANG_ENABLE_MODULES = YES;
				CLANG_ENABLE_OBJC_ARC = YES;
				CLANG_WARN_BOOL_CONVERSION = YES;
				CLANG_WARN_CONSTANT_CONVERSION = YES;
				CLANG_WARN_DIRECT_OBJC_ISA_USAGE = YES_ERROR;
				CLANG_WARN_DOCUMENTATION_COMMENTS = YES;
				CLANG_WARN_EMPTY_BODY = YES;
				CLANG_WARN_ENUM_CONVERSION = YES;
				CLANG_WARN_INFINITE_RECURSION = YES;
				CLANG_WARN_INT_CONVERSION = YES;
				CLANG_WARN_OBJC_ROOT_CLASS = YES_ERROR;
				CLANG_WARN_SUSPICIOUS_MOVE = YES;
				CLANG_WARN_UNREACHABLE_CODE = YES;
				CLANG_WARN__DUPLICATE_METHOD_MATCH = YES;
				"CODE_SIGN_IDENTITY[sdk=iphoneos*]" = "iPhone Developer";
				COPY_PHASE_STRIP = NO;
				DEBUG_INFORMATION_FORMAT = dwarf;
				ENABLE_STRICT_OBJC_MSGSEND = YES;
				ENABLE_TESTABILITY = YES;
				GCC_C_LANGUAGE_STANDARD = gnu99;
				GCC_DYNAMIC_NO_PIC = NO;
				GCC_NO_COMMON_BLOCKS = YES;
				GCC_OPTIMIZATION_LEVEL = 0;
				GCC_PREPROCESSOR_DEFINITIONS = (
					"DEBUG=1",
					"$(inherited)",
				);
				GCC_WARN_64_TO_32_BIT_CONVERSION = YES;
				GCC_WARN_ABOUT_RETURN_TYPE = YES_ERROR;
				GCC_WARN_UNDECLARED_SELECTOR = YES;
				GCC_WARN_UNINITIALIZED_AUTOS = YES_AGGRESSIVE;
				GCC_WARN_UNUSED_FUNCTION = YES;
				GCC_WARN_UNUSED_VARIABLE = YES;
				IPHONEOS_DEPLOYMENT_TARGET = 10.2;
				MTL_ENABLE_DEBUG_INFO = YES;
				ONLY_ACTIVE_ARCH = YES;
				SDKROOT = iphoneos;
				SWIFT_ACTIVE_COMPILATION_CONDITIONS = DEBUG;
				SWIFT_OPTIMIZATION_LEVEL = "-Onone";
				TARGETED_DEVICE_FAMILY = "1,2";
			};
			name = Debug;
		};
		F0200A571E58AD3700656F24 /* Release */ = {
			isa = XCBuildConfiguration;
			buildSettings = {
				ALWAYS_SEARCH_USER_PATHS = NO;
				CLANG_ANALYZER_NONNULL = YES;
				CLANG_CXX_LANGUAGE_STANDARD = "gnu++0x";
				CLANG_CXX_LIBRARY = "libc++";
				CLANG_ENABLE_MODULES = YES;
				CLANG_ENABLE_OBJC_ARC = YES;
				CLANG_WARN_BOOL_CONVERSION = YES;
				CLANG_WARN_CONSTANT_CONVERSION = YES;
				CLANG_WARN_DIRECT_OBJC_ISA_USAGE = YES_ERROR;
				CLANG_WARN_DOCUMENTATION_COMMENTS = YES;
				CLANG_WARN_EMPTY_BODY = YES;
				CLANG_WARN_ENUM_CONVERSION = YES;
				CLANG_WARN_INFINITE_RECURSION = YES;
				CLANG_WARN_INT_CONVERSION = YES;
				CLANG_WARN_OBJC_ROOT_CLASS = YES_ERROR;
				CLANG_WARN_SUSPICIOUS_MOVE = YES;
				CLANG_WARN_UNREACHABLE_CODE = YES;
				CLANG_WARN__DUPLICATE_METHOD_MATCH = YES;
				"CODE_SIGN_IDENTITY[sdk=iphoneos*]" = "iPhone Developer";
				COPY_PHASE_STRIP = NO;
				DEBUG_INFORMATION_FORMAT = "dwarf-with-dsym";
				ENABLE_NS_ASSERTIONS = NO;
				ENABLE_STRICT_OBJC_MSGSEND = YES;
				GCC_C_LANGUAGE_STANDARD = gnu99;
				GCC_NO_COMMON_BLOCKS = YES;
				GCC_WARN_64_TO_32_BIT_CONVERSION = YES;
				GCC_WARN_ABOUT_RETURN_TYPE = YES_ERROR;
				GCC_WARN_UNDECLARED_SELECTOR = YES;
				GCC_WARN_UNINITIALIZED_AUTOS = YES_AGGRESSIVE;
				GCC_WARN_UNUSED_FUNCTION = YES;
				GCC_WARN_UNUSED_VARIABLE = YES;
				IPHONEOS_DEPLOYMENT_TARGET = 10.2;
				MTL_ENABLE_DEBUG_INFO = NO;
				SDKROOT = iphoneos;
				SWIFT_OPTIMIZATION_LEVEL = "-Owholemodule";
				TARGETED_DEVICE_FAMILY = "1,2";
				VALIDATE_PRODUCT = YES;
			};
			name = Release;
		};
		F0200A591E58AD3700656F24 /* Debug */ = {
			isa = XCBuildConfiguration;
			buildSettings = {
				ASSETCATALOG_COMPILER_APPICON_NAME = AppIcon;
				DEVELOPMENT_TEAM = 5GEUYA822P;
				INFOPLIST_FILE = Pokedex/Info.plist;
				LD_RUNPATH_SEARCH_PATHS = "$(inherited) @executable_path/Frameworks";
				PRODUCT_BUNDLE_IDENTIFIER = com.CVBuilts.Pokedex;
				PRODUCT_NAME = "$(TARGET_NAME)";
				SWIFT_VERSION = 3.0;
			};
			name = Debug;
		};
		F0200A5A1E58AD3700656F24 /* Release */ = {
			isa = XCBuildConfiguration;
			buildSettings = {
				ASSETCATALOG_COMPILER_APPICON_NAME = AppIcon;
				DEVELOPMENT_TEAM = 5GEUYA822P;
				INFOPLIST_FILE = Pokedex/Info.plist;
				LD_RUNPATH_SEARCH_PATHS = "$(inherited) @executable_path/Frameworks";
				PRODUCT_BUNDLE_IDENTIFIER = com.CVBuilts.Pokedex;
				PRODUCT_NAME = "$(TARGET_NAME)";
				SWIFT_VERSION = 3.0;
			};
			name = Release;
		};
/* End XCBuildConfiguration section */

/* Begin XCConfigurationList section */
		F0200A411E58AD3600656F24 /* Build configuration list for PBXProject "Pokedex" */ = {
			isa = XCConfigurationList;
			buildConfigurations = (
				F0200A561E58AD3700656F24 /* Debug */,
				F0200A571E58AD3700656F24 /* Release */,
			);
			defaultConfigurationIsVisible = 0;
			defaultConfigurationName = Release;
		};
		F0200A581E58AD3700656F24 /* Build configuration list for PBXNativeTarget "Pokedex" */ = {
			isa = XCConfigurationList;
			buildConfigurations = (
				F0200A591E58AD3700656F24 /* Debug */,
				F0200A5A1E58AD3700656F24 /* Release */,
			);
			defaultConfigurationIsVisible = 0;
			defaultConfigurationName = Release;
		};
/* End XCConfigurationList section */
	};
	rootObject = F0200A3E1E58AD3600656F24 /* Project object */;
}
